
Microsoft Visual Studio Solution File, Format Version 12.00
# Visual Studio Version 17
VisualStudioVersion = 17.8.34525.116
MinimumVisualStudioVersion = 10.0.40219.1
Project("{F184B08F-C81C-45F6-A57F-5ABD9991F28F}") = "Question4", "Question4\Question4.vbproj", "{5D229838-E292-440F-88F7-5C410B3FAD27}"
EndProject
Global
	GlobalSection(SolutionConfigurationPlatforms) = preSolution
		Debug|Any CPU = Debug|Any CPU
		Release|Any CPU = Release|Any CPU
	EndGlobalSection
	GlobalSection(ProjectConfigurationPlatforms) = postSolution
		{5D229838-E292-440F-88F7-5C410B3FAD27}.Debug|Any CPU.ActiveCfg = Debug|Any CPU
		{5D229838-E292-440F-88F7-5C410B3FAD27}.Debug|Any CPU.Build.0 = Debug|Any CPU
		{5D229838-E292-440F-88F7-5C410B3FAD27}.Release|Any CPU.ActiveCfg = Release|Any CPU
		{5D229838-E292-440F-88F7-5C410B3FAD27}.Release|Any CPU.Build.0 = Release|Any CPU
	EndGlobalSection
	GlobalSection(SolutionProperties) = preSolution
		HideSolutionNode = FALSE
	EndGlobalSection
	GlobalSection(ExtensibilityGlobals) = postSolution
		SolutionGuid = {ECBFBD9E-9C28-4B82-9958-46AB749024C2}
	EndGlobalSection
EndGlobal
