
Microsoft Visual Studio Solution File, Format Version 12.00
# Visual Studio Version 17
VisualStudioVersion = 17.8.34525.116
MinimumVisualStudioVersion = 10.0.40219.1
Project("{F184B08F-C81C-45F6-A57F-5ABD9991F28F}") = "Question1", "Question1\Question1.vbproj", "{E606F2C9-7E31-4926-B15F-EB40AAD1FC2C}"
EndProject
Global
	GlobalSection(SolutionConfigurationPlatforms) = preSolution
		Debug|Any CPU = Debug|Any CPU
		Release|Any CPU = Release|Any CPU
	EndGlobalSection
	GlobalSection(ProjectConfigurationPlatforms) = postSolution
		{E606F2C9-7E31-4926-B15F-EB40AAD1FC2C}.Debug|Any CPU.ActiveCfg = Debug|Any CPU
		{E606F2C9-7E31-4926-B15F-EB40AAD1FC2C}.Debug|Any CPU.Build.0 = Debug|Any CPU
		{E606F2C9-7E31-4926-B15F-EB40AAD1FC2C}.Release|Any CPU.ActiveCfg = Release|Any CPU
		{E606F2C9-7E31-4926-B15F-EB40AAD1FC2C}.Release|Any CPU.Build.0 = Release|Any CPU
	EndGlobalSection
	GlobalSection(SolutionProperties) = preSolution
		HideSolutionNode = FALSE
	EndGlobalSection
	GlobalSection(ExtensibilityGlobals) = postSolution
		SolutionGuid = {2C9AADCF-1A79-4A03-9F13-61841D9367B4}
	EndGlobalSection
EndGlobal
